// !$*UTF8*$!
{
	archiveVersion = 1;
	classes = {
	};
	objectVersion = 46;
	objects = {

/* Begin PBXBuildFile section */
		3E9B8CEB1D18A68500ED538B /* AppDelegate.swift in Sources */ = {isa = PBXBuildFile; fileRef = 3E9B8CEA1D18A68500ED538B /* AppDelegate.swift */; };
		3E9B8CED1D18A68500ED538B /* ViewController.swift in Sources */ = {isa = PBXBuildFile; fileRef = 3E9B8CEC1D18A68500ED538B /* ViewController.swift */; };
		3E9B8CF01D18A68500ED538B /* Main.storyboard in Resources */ = {isa = PBXBuildFile; fileRef = 3E9B8CEE1D18A68500ED538B /* Main.storyboard */; };
		3E9B8CF21D18A68500ED538B /* Assets.xcassets in Resources */ = {isa = PBXBuildFile; fileRef = 3E9B8CF11D18A68500ED538B /* Assets.xcassets */; };
		3E9B8CF51D18A68600ED538B /* LaunchScreen.storyboard in Resources */ = {isa = PBXBuildFile; fileRef = 3E9B8CF31D18A68600ED538B /* LaunchScreen.storyboard */; };
/* End PBXBuildFile section */

/* Begin PBXFileReference section */
		3E9B8CE71D18A68500ED538B /* Swipes & Shakes.app */ = {isa = PBXFileReference; explicitFileType = wrapper.application; includeInIndex = 0; path = "Swipes & Shakes.app"; sourceTree = BUILT_PRODUCTS_DIR; };
		3E9B8CEA1D18A68500ED538B /* AppDelegate.swift */ = {isa = PBXFileReference; lastKnownFileType = sourcecode.swift; path = AppDelegate.swift; sourceTree = "<group>"; };
		3E9B8CEC1D18A68500ED538B /* ViewController.swift */ = {isa = PBXFileReference; lastKnownFileType = sourcecode.swift; path = ViewController.swift; sourceTree = "<group>"; };
		3E9B8CEF1D18A68500ED538B /* Base */ = {isa = PBXFileReference; lastKnownFileType = file.storyboard; name = Base; path = Base.lproj/Main.storyboard; sourceTree = "<group>"; };
		3E9B8CF11D18A68500ED538B /* Assets.xcassets */ = {isa = PBXFileReference; lastKnownFileType = folder.assetcatalog; path = Assets.xcassets; sourceTree = "<group>"; };
		3E9B8CF41D18A68600ED538B /* Base */ = {isa = PBXFileReference; lastKnownFileType = file.storyboard; name = Base; path = Base.lproj/LaunchScreen.storyboard; sourceTree = "<group>"; };
		3E9B8CF61D18A68600ED538B /* Info.plist */ = {isa = PBXFileReference; lastKnownFileType = text.plist.xml; path = Info.plist; sourceTree = "<group>"; };
/* End PBXFileReference section */

/* Begin PBXFrameworksBuildPhase section */
		3E9B8CE41D18A68500ED538B /* Frameworks */ = {
			isa = PBXFrameworksBuildPhase;
			buildActionMask = 2147483647;
			files = (
			);
			runOnlyForDeploymentPostprocessing = 0;
		};
/* End PBXFrameworksBuildPhase section */

/* Begin PBXGroup section */
		3E9B8CDE1D18A68500ED538B = {
			isa = PBXGroup;
			children = (
				3E9B8CE91D18A68500ED538B /* Swipes & Shakes */,
				3E9B8CE81D18A68500ED538B /* Products */,
			);
			sourceTree = "<group>";
		};
		3E9B8CE81D18A68500ED538B /* Products */ = {
			isa = PBXGroup;
			children = (
				3E9B8CE71D18A68500ED538B /* Swipes & Shakes.app */,
			);
			name = Products;
			sourceTree = "<group>";
		};
		3E9B8CE91D18A68500ED538B /* Swipes & Shakes */ = {
			isa = PBXGroup;
			children = (
				3E9B8CEA1D18A68500ED538B /* AppDelegate.swift */,
				3E9B8CEC1D18A68500ED538B /* ViewController.swift */,
				3E9B8CEE1D18A68500ED538B /* Main.storyboard */,
				3E9B8CF11D18A68500ED538B /* Assets.xcassets */,
				3E9B8CF31D18A68600ED538B /* LaunchScreen.storyboard */,
				3E9B8CF61D18A68600ED538B /* Info.plist */,
			);
			path = "Swipes & Shakes";
			sourceTree = "<group>";
		};
/* End PBXGroup section */

/* Begin PBXNativeTarget section */
		3E9B8CE61D18A68500ED538B /* Swipes & Shakes */ = {
			isa = PBXNativeTarget;
			buildConfigurationList = 3E9B8CF91D18A68600ED538B /* Build configuration list for PBXNativeTarget "Swipes & Shakes" */;
			buildPhases = (
				3E9B8CE31D18A68500ED538B /* Sources */,
				3E9B8CE41D18A68500ED538B /* Frameworks */,
				3E9B8CE51D18A68500ED538B /* Resources */,
			);
			buildRules = (
			);
			dependencies = (
			);
			name = "Swipes & Shakes";
			productName = "Swipes & Shakes";
			productReference = 3E9B8CE71D18A68500ED538B /* Swipes & Shakes.app */;
			productType = "com.apple.product-type.application";
		};
/* End PBXNativeTarget section */

/* Begin PBXProject section */
		3E9B8CDF1D18A68500ED538B /* Project object */ = {
			isa = PBXProject;
			attributes = {
				LastSwiftUpdateCheck = 0730;
				LastUpgradeCheck = 0730;
				ORGANIZATIONNAME = "George Gogarten";
				TargetAttributes = {
					3E9B8CE61D18A68500ED538B = {
						CreatedOnToolsVersion = 7.3;
						DevelopmentTeam = C8G9U4K76Y;
					};
				};
			};
			buildConfigurationList = 3E9B8CE21D18A68500ED538B /* Build configuration list for PBXProject "Swipes & Shakes" */;
			compatibilityVersion = "Xcode 3.2";
			developmentRegion = English;
			hasScannedForEncodings = 0;
			knownRegions = (
				en,
				Base,
			);
			mainGroup = 3E9B8CDE1D18A68500ED538B;
			productRefGroup = 3E9B8CE81D18A68500ED538B /* Products */;
			projectDirPath = "";
			projectRoot = "";
			targets = (
				3E9B8CE61D18A68500ED538B /* Swipes & Shakes */,
			);
		};
/* End PBXProject section */

/* Begin PBXResourcesBuildPhase section */
		3E9B8CE51D18A68500ED538B /* Resources */ = {
			isa = PBXResourcesBuildPhase;
			buildActionMask = 2147483647;
			files = (
				3E9B8CF51D18A68600ED538B /* LaunchScreen.storyboard in Resources */,
				3E9B8CF21D18A68500ED538B /* Assets.xcassets in Resources */,
				3E9B8CF01D18A68500ED538B /* Main.storyboard in Resources */,
			);
			runOnlyForDeploymentPostprocessing = 0;
		};
/* End PBXResourcesBuildPhase section */

/* Begin PBXSourcesBuildPhase section */
		3E9B8CE31D18A68500ED538B /* Sources */ = {
			isa = PBXSourcesBuildPhase;
			buildActionMask = 2147483647;
			files = (
				3E9B8CED1D18A68500ED538B /* ViewController.swift in Sources */,
				3E9B8CEB1D18A68500ED538B /* AppDelegate.swift in Sources */,
			);
			runOnlyForDeploymentPostprocessing = 0;
		};
/* End PBXSourcesBuildPhase section */

/* Begin PBXVariantGroup section */
		3E9B8CEE1D18A68500ED538B /* Main.storyboard */ = {
			isa = PBXVariantGroup;
			children = (
				3E9B8CEF1D18A68500ED538B /* Base */,
			);
			name = Main.storyboard;
			sourceTree = "<group>";
		};
		3E9B8CF31D18A68600ED538B /* LaunchScreen.storyboard */ = {
			isa = PBXVariantGroup;
			children = (
				3E9B8CF41D18A68600ED538B /* Base */,
			);
			name = LaunchScreen.storyboard;
			sourceTree = "<group>";
		};
/* End PBXVariantGroup section */

/* Begin XCBuildConfiguration section */
		3E9B8CF71D18A68600ED538B /* Debug */ = {
			isa = XCBuildConfiguration;
			buildSettings = {
				ALWAYS_SEARCH_USER_PATHS = NO;
				CLANG_ANALYZER_NONNULL = YES;
				CLANG_CXX_LANGUAGE_STANDARD = "gnu++0x";
				CLANG_CXX_LIBRARY = "libc++";
				CLANG_ENABLE_MODULES = YES;
				CLANG_ENABLE_OBJC_ARC = YES;
				CLANG_WARN_BOOL_CONVERSION = YES;
				CLANG_WARN_CONSTANT_CONVERSION = YES;
				CLANG_WARN_DIRECT_OBJC_ISA_USAGE = YES_ERROR;
				CLANG_WARN_EMPTY_BODY = YES;
				CLANG_WARN_ENUM_CONVERSION = YES;
				CLANG_WARN_INT_CONVERSION = YES;
				CLANG_WARN_OBJC_ROOT_CLASS = YES_ERROR;
				CLANG_WARN_UNREACHABLE_CODE = YES;
				CLANG_WARN__DUPLICATE_METHOD_MATCH = YES;
				"CODE_SIGN_IDENTITY[sdk=iphoneos*]" = "iPhone Developer";
				COPY_PHASE_STRIP = NO;
				DEBUG_INFORMATION_FORMAT = dwarf;
				ENABLE_STRICT_OBJC_MSGSEND = YES;
				ENABLE_TESTABILITY = YES;
				GCC_C_LANGUAGE_STANDARD = gnu99;
				GCC_DYNAMIC_NO_PIC = NO;
				GCC_NO_COMMON_BLOCKS = YES;
				GCC_OPTIMIZATION_LEVEL = 0;
				GCC_PREPROCESSOR_DEFINITIONS = (
					"DEBUG=1",
					"$(inherited)",
				);
				GCC_WARN_64_TO_32_BIT_CONVERSION = YES;
				GCC_WARN_ABOUT_RETURN_TYPE = YES_ERROR;
				GCC_WARN_UNDECLARED_SELECTOR = YES;
				GCC_WARN_UNINITIALIZED_AUTOS = YES_AGGRESSIVE;
				GCC_WARN_UNUSED_FUNCTION = YES;
				GCC_WARN_UNUSED_VARIABLE = YES;
				IPHONEOS_DEPLOYMENT_TARGET = 9.3;
				MTL_ENABLE_DEBUG_INFO = YES;
				ONLY_ACTIVE_ARCH = YES;
				SDKROOT = iphoneos;
				SWIFT_OPTIMIZATION_LEVEL = "-Onone";
				TARGETED_DEVICE_FAMILY = 2;
			};
			name = Debug;
		};
		3E9B8CF81D18A68600ED538B /* Release */ = {
			isa = XCBuildConfiguration;
			buildSettings = {
				ALWAYS_SEARCH_USER_PATHS = NO;
				CLANG_ANALYZER_NONNULL = YES;
				CLANG_CXX_LANGUAGE_STANDARD = "gnu++0x";
				CLANG_CXX_LIBRARY = "libc++";
				CLANG_ENABLE_MODULES = YES;
				CLANG_ENABLE_OBJC_ARC = YES;
				CLANG_WARN_BOOL_CONVERSION = YES;
				CLANG_WARN_CONSTANT_CONVERSION = YES;
				CLANG_WARN_DIRECT_OBJC_ISA_USAGE = YES_ERROR;
				CLANG_WARN_EMPTY_BODY = YES;
				CLANG_WARN_ENUM_CONVERSION = YES;
				CLANG_WARN_INT_CONVERSION = YES;
				CLANG_WARN_OBJC_ROOT_CLASS = YES_ERROR;
				CLANG_WARN_UNREACHABLE_CODE = YES;
				CLANG_WARN__DUPLICATE_METHOD_MATCH = YES;
				"CODE_SIGN_IDENTITY[sdk=iphoneos*]" = "iPhone Developer";
				COPY_PHASE_STRIP = NO;
				DEBUG_INFORMATION_FORMAT = "dwarf-with-dsym";
				ENABLE_NS_ASSERTIONS = NO;
				ENABLE_STRICT_OBJC_MSGSEND = YES;
				GCC_C_LANGUAGE_STANDARD = gnu99;
				GCC_NO_COMMON_BLOCKS = YES;
				GCC_WARN_64_TO_32_BIT_CONVERSION = YES;
				GCC_WARN_ABOUT_RETURN_TYPE = YES_ERROR;
				GCC_WARN_UNDECLARED_SELECTOR = YES;
				GCC_WARN_UNINITIALIZED_AUTOS = YES_AGGRESSIVE;
				GCC_WARN_UNUSED_FUNCTION = YES;
				GCC_WARN_UNUSED_VARIABLE = YES;
				IPHONEOS_DEPLOYMENT_TARGET = 9.3;
				MTL_ENABLE_DEBUG_INFO = NO;
				SDKROOT = iphoneos;
				TARGETED_DEVICE_FAMILY = 2;
				VALIDATE_PRODUCT = YES;
			};
			name = Release;
		};
		3E9B8CFA1D18A68600ED538B /* Debug */ = {
			isa = XCBuildConfiguration;
			buildSettings = {
				ASSETCATALOG_COMPILER_APPICON_NAME = AppIcon;
				INFOPLIST_FILE = "Swipes & Shakes/Info.plist";
				LD_RUNPATH_SEARCH_PATHS = "$(inherited) @executable_path/Frameworks";
				PRODUCT_BUNDLE_IDENTIFIER = "com.gogarten.Swipes---Shakes";
				PRODUCT_NAME = "$(TARGET_NAME)";
			};
			name = Debug;
		};
		3E9B8CFB1D18A68600ED538B /* Release */ = {
			isa = XCBuildConfiguration;
			buildSettings = {
				ASSETCATALOG_COMPILER_APPICON_NAME = AppIcon;
				INFOPLIST_FILE = "Swipes & Shakes/Info.plist";
				LD_RUNPATH_SEARCH_PATHS = "$(inherited) @executable_path/Frameworks";
				PRODUCT_BUNDLE_IDENTIFIER = "com.gogarten.Swipes---Shakes";
				PRODUCT_NAME = "$(TARGET_NAME)";
			};
			name = Release;
		};
/* End XCBuildConfiguration section */

/* Begin XCConfigurationList section */
		3E9B8CE21D18A68500ED538B /* Build configuration list for PBXProject "Swipes & Shakes" */ = {
			isa = XCConfigurationList;
			buildConfigurations = (
				3E9B8CF71D18A68600ED538B /* Debug */,
				3E9B8CF81D18A68600ED538B /* Release */,
			);
			defaultConfigurationIsVisible = 0;
			defaultConfigurationName = Release;
		};
		3E9B8CF91D18A68600ED538B /* Build configuration list for PBXNativeTarget "Swipes & Shakes" */ = {
			isa = XCConfigurationList;
			buildConfigurations = (
				3E9B8CFA1D18A68600ED538B /* Debug */,
				3E9B8CFB1D18A68600ED538B /* Release */,
			);
			defaultConfigurationIsVisible = 0;
		};
/* End XCConfigurationList section */
	};
	rootObject = 3E9B8CDF1D18A68500ED538B /* Project object */;
}
